
Microsoft Visual Studio Solution File, Format Version 12.00
# Visual Studio Version 16
VisualStudioVersion = 16.0.30011.22
MinimumVisualStudioVersion = 10.0.40219.1
Project("{9A19103F-16F7-4668-BE54-9A1E7A4F7556}") = "RecipeLibrary", "RecipeLibrary\RecipeLibrary.csproj", "{A0F088C7-FC16-44FD-9203-089C6AE04ABE}"
EndProject
Project("{9A19103F-16F7-4668-BE54-9A1E7A4F7556}") = "RecipeLibrary.Tests", "RecipeLibrary.Tests\RecipeLibrary.Tests.csproj", "{3E838818-9D9C-4F30-AE05-1EDD7DBBCD5D}"
EndProject
Project("{9A19103F-16F7-4668-BE54-9A1E7A4F7556}") = "RecipeLibrary.Core", "RecipeLibrary.Core\RecipeLibrary.Core.csproj", "{548E9D2E-8976-4F26-8DBE-7D3522876700}"
EndProject
Project("{9A19103F-16F7-4668-BE54-9A1E7A4F7556}") = "RecipeLibrary.Api", "RecipeLibrary.Api\RecipeLibrary.Api.csproj", "{E16EAADA-4342-4A7C-90AE-961972C013C0}"
EndProject
Project("{FAE04EC0-301F-11D3-BF4B-00C04F79EFBC}") = "RecipeLibrary.Data", "RecipeLibrary.Data\RecipeLibrary.Data.csproj", "{5C322B05-63E2-4305-B5EC-9DCEB5B7A66D}"
EndProject
Global
	GlobalSection(SolutionConfigurationPlatforms) = preSolution
		Debug|Any CPU = Debug|Any CPU
		Release|Any CPU = Release|Any CPU
	EndGlobalSection
	GlobalSection(ProjectConfigurationPlatforms) = postSolution
		{A0F088C7-FC16-44FD-9203-089C6AE04ABE}.Debug|Any CPU.ActiveCfg = Debug|Any CPU
		{A0F088C7-FC16-44FD-9203-089C6AE04ABE}.Debug|Any CPU.Build.0 = Debug|Any CPU
		{A0F088C7-FC16-44FD-9203-089C6AE04ABE}.Release|Any CPU.ActiveCfg = Release|Any CPU
		{A0F088C7-FC16-44FD-9203-089C6AE04ABE}.Release|Any CPU.Build.0 = Release|Any CPU
		{3E838818-9D9C-4F30-AE05-1EDD7DBBCD5D}.Debug|Any CPU.ActiveCfg = Debug|Any CPU
		{3E838818-9D9C-4F30-AE05-1EDD7DBBCD5D}.Debug|Any CPU.Build.0 = Debug|Any CPU
		{3E838818-9D9C-4F30-AE05-1EDD7DBBCD5D}.Release|Any CPU.ActiveCfg = Release|Any CPU
		{3E838818-9D9C-4F30-AE05-1EDD7DBBCD5D}.Release|Any CPU.Build.0 = Release|Any CPU
		{548E9D2E-8976-4F26-8DBE-7D3522876700}.Debug|Any CPU.ActiveCfg = Debug|Any CPU
		{548E9D2E-8976-4F26-8DBE-7D3522876700}.Debug|Any CPU.Build.0 = Debug|Any CPU
		{548E9D2E-8976-4F26-8DBE-7D3522876700}.Release|Any CPU.ActiveCfg = Release|Any CPU
		{548E9D2E-8976-4F26-8DBE-7D3522876700}.Release|Any CPU.Build.0 = Release|Any CPU
		{E16EAADA-4342-4A7C-90AE-961972C013C0}.Debug|Any CPU.ActiveCfg = Debug|Any CPU
		{E16EAADA-4342-4A7C-90AE-961972C013C0}.Debug|Any CPU.Build.0 = Debug|Any CPU
		{E16EAADA-4342-4A7C-90AE-961972C013C0}.Release|Any CPU.ActiveCfg = Release|Any CPU
		{E16EAADA-4342-4A7C-90AE-961972C013C0}.Release|Any CPU.Build.0 = Release|Any CPU
		{5C322B05-63E2-4305-B5EC-9DCEB5B7A66D}.Debug|Any CPU.ActiveCfg = Debug|Any CPU
		{5C322B05-63E2-4305-B5EC-9DCEB5B7A66D}.Debug|Any CPU.Build.0 = Debug|Any CPU
		{5C322B05-63E2-4305-B5EC-9DCEB5B7A66D}.Release|Any CPU.ActiveCfg = Release|Any CPU
		{5C322B05-63E2-4305-B5EC-9DCEB5B7A66D}.Release|Any CPU.Build.0 = Release|Any CPU
	EndGlobalSection
	GlobalSection(SolutionProperties) = preSolution
		HideSolutionNode = FALSE
	EndGlobalSection
	GlobalSection(ExtensibilityGlobals) = postSolution
		SolutionGuid = {BC926B12-1655-4A02-8B66-7F0DC4746E20}
	EndGlobalSection
EndGlobal
